{
  "name": "graphql-validator",
  "version": "1.0.0",
  "lockfileVersion": 3,
  "requires": true,
  "packages": {
    "": {
      "name": "graphql-validator",
      "version": "1.0.0",
      "license": "ISC",
      "dependencies": {
        "@graphql-inspector/core": "^6.1.0",
        "@graphql-tools/load": "^8.0.2",
        "@graphql-tools/url-loader": "^8.0.2",
        "fs": "^0.0.1-security",
        "graphql-tag": "^2.12.6",
        "path": "^0.12.7"
      }
    },
    "node_modules/@ardatan/sync-fetch": {
      "version": "0.0.1",
      "resolved": "https://registry.npmjs.org/@ardatan/sync-fetch/-/sync-fetch-0.0.1.tgz",
      "integrity": "sha512-xhlTqH0m31mnsG0tIP4ETgfSB6gXDaYYsUWTrlUV93fFQPI9dd8hE0Ot6MHLCtqgB32hwJAC3YZMWlXZw7AleA==",
      "dependencies": {
        "node-fetch": "^2.6.1"
      },
      "engines": {
        "node": ">=14"
      }
    },
    "node_modules/@graphql-inspector/core": {
      "version": "6.1.0",
      "resolved": "https://registry.npmjs.org/@graphql-inspector/core/-/core-6.1.0.tgz",
      "integrity": "sha512-5/kqD5330duUsfMBfhMc0iVld76JwSKTkKi7aOr1x9MvSnP8p1anQo7BCNZ5VY9+EvWn4njHbkNfdS/lrqsi+A==",
      "dependencies": {
        "dependency-graph": "1.0.0",
        "object-inspect": "1.13.1",
        "tslib": "2.6.2"
      },
      "engines": {
        "node": ">=18.0.0"
      },
      "peerDependencies": {
        "graphql": "^14.0.0 || ^15.0.0 || ^16.0.0"
      }
    },
    "node_modules/@graphql-tools/batch-execute": {
      "version": "9.0.4",
      "resolved": "https://registry.npmjs.org/@graphql-tools/batch-execute/-/batch-execute-9.0.4.tgz",
      "integrity": "sha512-kkebDLXgDrep5Y0gK1RN3DMUlLqNhg60OAz0lTCqrYeja6DshxLtLkj+zV4mVbBA4mQOEoBmw6g1LZs3dA84/w==",
      "dependencies": {
        "@graphql-tools/utils": "^10.0.13",
        "dataloader": "^2.2.2",
        "tslib": "^2.4.0",
        "value-or-promise": "^1.0.12"
      },
      "engines": {
        "node": ">=16.0.0"
      },
      "peerDependencies": {
        "graphql": "^14.0.0 || ^15.0.0 || ^16.0.0 || ^17.0.0"
      }
    },
    "node_modules/@graphql-tools/delegate": {
      "version": "10.0.16",
      "resolved": "https://registry.npmjs.org/@graphql-tools/delegate/-/delegate-10.0.16.tgz",
      "integrity": "sha512-no4jIdHsTrHzR6Vv1YlwbxFeBnHBwPhBpemvLVnQ7CHhAviwIUWkCOHs4Uyzc5GYuHFyKJOZEXqhOz+da3hR3A==",
      "dependencies": {
        "@graphql-tools/batch-execute": "^9.0.4",
        "@graphql-tools/executor": "^1.3.0",
        "@graphql-tools/schema": "^10.0.4",
        "@graphql-tools/utils": "^10.2.3",
        "dataloader": "^2.2.2",
        "tslib": "^2.5.0"
      },
      "engines": {
        "node": ">=16.0.0"
      },
      "peerDependencies": {
        "graphql": "^14.0.0 || ^15.0.0 || ^16.0.0 || ^17.0.0"
      }
    },
    "node_modules/@graphql-tools/executor": {
      "version": "1.3.0",
      "resolved": "https://registry.npmjs.org/@graphql-tools/executor/-/executor-1.3.0.tgz",
      "integrity": "sha512-e+rmEf/2EO4hDnbkO8mTS2FI+jGUNmYkSDKw5TgPVlO8VOKS+TXmJBK6E9v4Gc/39yVkZsffYfW/R8obJrA0mg==",
      "dependencies": {
        "@graphql-tools/utils": "^10.2.3",
        "@graphql-typed-document-node/core": "3.2.0",
        "@repeaterjs/repeater": "^3.0.4",
        "tslib": "^2.4.0",
        "value-or-promise": "^1.0.12"
      },
      "engines": {
        "node": ">=16.0.0"
      },
      "peerDependencies": {
        "graphql": "^14.0.0 || ^15.0.0 || ^16.0.0 || ^17.0.0"
      }
    },
    "node_modules/@graphql-tools/executor-graphql-ws": {
      "version": "1.2.0",
      "resolved": "https://registry.npmjs.org/@graphql-tools/executor-graphql-ws/-/executor-graphql-ws-1.2.0.tgz",
      "integrity": "sha512-tSYC1QdrabWexLrYV0UI3uRGbde9WCY/bRhq6Jc+VXMZcfq6ea6pP5NEAVTfwbhUQ4xZvJABVVbKXtKb9uTg1w==",
      "dependencies": {
        "@graphql-tools/utils": "^10.3.0",
        "@types/ws": "^8.0.0",
        "graphql-ws": "^5.14.0",
        "isomorphic-ws": "^5.0.0",
        "tslib": "^2.4.0",
        "ws": "^8.17.1"
      },
      "engines": {
        "node": ">=16.0.0"
      },
      "peerDependencies": {
        "graphql": "^14.0.0 || ^15.0.0 || ^16.0.0 || ^17.0.0"
      }
    },
    "node_modules/@graphql-tools/executor-http": {
      "version": "1.1.5",
      "resolved": "https://registry.npmjs.org/@graphql-tools/executor-http/-/executor-http-1.1.5.tgz",
      "integrity": "sha512-ZAsVGUwafPc1GapLA1yoJuRx7ihpVdAv7JDHmlI2eHRQsJnMVQwcxHnjfUb/id9YAEBrP86/s4pgEoRyad3Zng==",
      "dependencies": {
        "@graphql-tools/utils": "^10.3.2",
        "@repeaterjs/repeater": "^3.0.4",
        "@whatwg-node/fetch": "^0.9.0",
        "extract-files": "^11.0.0",
        "meros": "^1.2.1",
        "tslib": "^2.4.0",
        "value-or-promise": "^1.0.12"
      },
      "engines": {
        "node": ">=16.0.0"
      },
      "peerDependencies": {
        "graphql": "^14.0.0 || ^15.0.0 || ^16.0.0 || ^17.0.0"
      }
    },
    "node_modules/@graphql-tools/executor-legacy-ws": {
      "version": "1.1.0",
      "resolved": "https://registry.npmjs.org/@graphql-tools/executor-legacy-ws/-/executor-legacy-ws-1.1.0.tgz",
      "integrity": "sha512-k+6ZyiaAd8SmwuzbEOfA/LVkuI1nqidhoMw+CJ7c41QGOjSMzc0VS0UZbJyeitI0n7a+uP/Meln1wjzJ2ReDtQ==",
      "dependencies": {
        "@graphql-tools/utils": "^10.3.0",
        "@types/ws": "^8.0.0",
        "isomorphic-ws": "^5.0.0",
        "tslib": "^2.4.0",
        "ws": "^8.17.1"
      },
      "engines": {
        "node": ">=16.0.0"
      },
      "peerDependencies": {
        "graphql": "^14.0.0 || ^15.0.0 || ^16.0.0 || ^17.0.0"
      }
    },
    "node_modules/@graphql-tools/load": {
      "version": "8.0.2",
      "resolved": "https://registry.npmjs.org/@graphql-tools/load/-/load-8.0.2.tgz",
      "integrity": "sha512-S+E/cmyVmJ3CuCNfDuNF2EyovTwdWfQScXv/2gmvJOti2rGD8jTt9GYVzXaxhblLivQR9sBUCNZu/w7j7aXUCA==",
      "dependencies": {
        "@graphql-tools/schema": "^10.0.3",
        "@graphql-tools/utils": "^10.0.13",
        "p-limit": "3.1.0",
        "tslib": "^2.4.0"
      },
      "engines": {
        "node": ">=16.0.0"
      },
      "peerDependencies": {
        "graphql": "^14.0.0 || ^15.0.0 || ^16.0.0 || ^17.0.0"
      }
    },
    "node_modules/@graphql-tools/merge": {
      "version": "9.0.4",
      "resolved": "https://registry.npmjs.org/@graphql-tools/merge/-/merge-9.0.4.tgz",
      "integrity": "sha512-MivbDLUQ+4Q8G/Hp/9V72hbn810IJDEZQ57F01sHnlrrijyadibfVhaQfW/pNH+9T/l8ySZpaR/DpL5i+ruZ+g==",
      "dependencies": {
        "@graphql-tools/utils": "^10.0.13",
        "tslib": "^2.4.0"
      },
      "engines": {
        "node": ">=16.0.0"
      },
      "peerDependencies": {
        "graphql": "^14.0.0 || ^15.0.0 || ^16.0.0 || ^17.0.0"
      }
    },
    "node_modules/@graphql-tools/schema": {
      "version": "10.0.4",
      "resolved": "https://registry.npmjs.org/@graphql-tools/schema/-/schema-10.0.4.tgz",
      "integrity": "sha512-HuIwqbKxPaJujox25Ra4qwz0uQzlpsaBOzO6CVfzB/MemZdd+Gib8AIvfhQArK0YIN40aDran/yi+E5Xf0mQww==",
      "dependencies": {
        "@graphql-tools/merge": "^9.0.3",
        "@graphql-tools/utils": "^10.2.1",
        "tslib": "^2.4.0",
        "value-or-promise": "^1.0.12"
      },
      "engines": {
        "node": ">=16.0.0"
      },
      "peerDependencies": {
        "graphql": "^14.0.0 || ^15.0.0 || ^16.0.0 || ^17.0.0"
      }
    },
    "node_modules/@graphql-tools/url-loader": {
      "version": "8.0.2",
      "resolved": "https://registry.npmjs.org/@graphql-tools/url-loader/-/url-loader-8.0.2.tgz",
      "integrity": "sha512-1dKp2K8UuFn7DFo1qX5c1cyazQv2h2ICwA9esHblEqCYrgf69Nk8N7SODmsfWg94OEaI74IqMoM12t7eIGwFzQ==",
      "dependencies": {
        "@ardatan/sync-fetch": "^0.0.1",
        "@graphql-tools/delegate": "^10.0.4",
        "@graphql-tools/executor-graphql-ws": "^1.1.2",
        "@graphql-tools/executor-http": "^1.0.9",
        "@graphql-tools/executor-legacy-ws": "^1.0.6",
        "@graphql-tools/utils": "^10.0.13",
        "@graphql-tools/wrap": "^10.0.2",
        "@types/ws": "^8.0.0",
        "@whatwg-node/fetch": "^0.9.0",
        "isomorphic-ws": "^5.0.0",
        "tslib": "^2.4.0",
        "value-or-promise": "^1.0.11",
        "ws": "^8.12.0"
      },
      "engines": {
        "node": ">=16.0.0"
      },
      "peerDependencies": {
        "graphql": "^14.0.0 || ^15.0.0 || ^16.0.0 || ^17.0.0"
      }
    },
    "node_modules/@graphql-tools/utils": {
      "version": "10.3.2",
      "resolved": "https://registry.npmjs.org/@graphql-tools/utils/-/utils-10.3.2.tgz",
      "integrity": "sha512-iaqOHS4f90KNADBHqVsRBjKpM6iSvsUg1q5GhWMK03loYLaDzftrEwcsl0OkSSnRhJvAsT7q4q3r3YzRoV0v1g==",
      "dependencies": {
        "@graphql-typed-document-node/core": "^3.1.1",
        "cross-inspect": "1.0.0",
        "dset": "^3.1.2",
        "tslib": "^2.4.0"
      },
      "engines": {
        "node": ">=16.0.0"
      },
      "peerDependencies": {
        "graphql": "^14.0.0 || ^15.0.0 || ^16.0.0 || ^17.0.0"
      }
    },
    "node_modules/@graphql-tools/wrap": {
      "version": "10.0.5",
      "resolved": "https://registry.npmjs.org/@graphql-tools/wrap/-/wrap-10.0.5.tgz",
      "integrity": "sha512-Cbr5aYjr3HkwdPvetZp1cpDWTGdD1Owgsb3z/ClzhmrboiK86EnQDxDvOJiQkDCPWE9lNBwj8Y4HfxroY0D9DQ==",
      "dependencies": {
        "@graphql-tools/delegate": "^10.0.4",
        "@graphql-tools/schema": "^10.0.3",
        "@graphql-tools/utils": "^10.1.1",
        "tslib": "^2.4.0",
        "value-or-promise": "^1.0.12"
      },
      "engines": {
        "node": ">=16.0.0"
      },
      "peerDependencies": {
        "graphql": "^14.0.0 || ^15.0.0 || ^16.0.0 || ^17.0.0"
      }
    },
    "node_modules/@graphql-typed-document-node/core": {
      "version": "3.2.0",
      "resolved": "https://registry.npmjs.org/@graphql-typed-document-node/core/-/core-3.2.0.tgz",
      "integrity": "sha512-mB9oAsNCm9aM3/SOv4YtBMqZbYj10R7dkq8byBqxGY/ncFwhf2oQzMV+LCRlWoDSEBJ3COiR1yeDvMtsoOsuFQ==",
      "peerDependencies": {
        "graphql": "^0.8.0 || ^0.9.0 || ^0.10.0 || ^0.11.0 || ^0.12.0 || ^0.13.0 || ^14.0.0 || ^15.0.0 || ^16.0.0 || ^17.0.0"
      }
    },
    "node_modules/@kamilkisiela/fast-url-parser": {
      "version": "1.1.4",
      "resolved": "https://registry.npmjs.org/@kamilkisiela/fast-url-parser/-/fast-url-parser-1.1.4.tgz",
      "integrity": "sha512-gbkePEBupNydxCelHCESvFSFM8XPh1Zs/OAVRW/rKpEqPAl5PbOM90Si8mv9bvnR53uPD2s/FiRxdvSejpRJew=="
    },
    "node_modules/@repeaterjs/repeater": {
      "version": "3.0.6",
      "resolved": "https://registry.npmjs.org/@repeaterjs/repeater/-/repeater-3.0.6.tgz",
      "integrity": "sha512-Javneu5lsuhwNCryN+pXH93VPQ8g0dBX7wItHFgYiwQmzE1sVdg5tWHiOgHywzL2W21XQopa7IwIEnNbmeUJYA=="
    },
    "node_modules/@types/node": {
      "version": "22.0.0",
      "resolved": "https://registry.npmjs.org/@types/node/-/node-22.0.0.tgz",
      "integrity": "sha512-VT7KSYudcPOzP5Q0wfbowyNLaVR8QWUdw+088uFWwfvpY6uCWaXpqV6ieLAu9WBcnTa7H4Z5RLK8I5t2FuOcqw==",
      "dependencies": {
        "undici-types": "~6.11.1"
      }
    },
    "node_modules/@types/ws": {
      "version": "8.5.12",
      "resolved": "https://registry.npmjs.org/@types/ws/-/ws-8.5.12.tgz",
      "integrity": "sha512-3tPRkv1EtkDpzlgyKyI8pGsGZAGPEaXeu0DOj5DI25Ja91bdAYddYHbADRYVrZMRbfW+1l5YwXVDKohDJNQxkQ==",
      "dependencies": {
        "@types/node": "*"
      }
    },
    "node_modules/@whatwg-node/fetch": {
      "version": "0.9.19",
      "resolved": "https://registry.npmjs.org/@whatwg-node/fetch/-/fetch-0.9.19.tgz",
      "integrity": "sha512-J+zopRcUVOhkiQYlHpxOEZuOgZtqW9xMaNQFDjESm9vRcyATms+E2/p2mZiVQGllPqWflkA3SzoJC1MxV4Pf9g==",
      "dependencies": {
        "@whatwg-node/node-fetch": "^0.5.16",
        "urlpattern-polyfill": "^10.0.0"
      },
      "engines": {
        "node": ">=16.0.0"
      }
    },
    "node_modules/@whatwg-node/node-fetch": {
      "version": "0.5.19",
      "resolved": "https://registry.npmjs.org/@whatwg-node/node-fetch/-/node-fetch-0.5.19.tgz",
      "integrity": "sha512-HSR/d2jGFuI2pcoQr7M92AjB9V7C8k8bFQ4NjJK9fwHyl1DyDnQYe+t1ygD84rCGNV8CIl1+OO5OamnvFzbqDw==",
      "dependencies": {
        "@kamilkisiela/fast-url-parser": "^1.1.4",
        "busboy": "^1.6.0",
        "fast-querystring": "^1.1.1",
        "tslib": "^2.6.3"
      },
      "engines": {
        "node": ">=18.0.0"
      }
    },
    "node_modules/@whatwg-node/node-fetch/node_modules/tslib": {
      "version": "2.6.3",
      "resolved": "https://registry.npmjs.org/tslib/-/tslib-2.6.3.tgz",
      "integrity": "sha512-xNvxJEOUiWPGhUuUdQgAJPKOOJfGnIyKySOc09XkKsgdUV/3E2zvwZYdejjmRgPCgcym1juLH3226yA7sEFJKQ=="
    },
    "node_modules/busboy": {
      "version": "1.6.0",
      "resolved": "https://registry.npmjs.org/busboy/-/busboy-1.6.0.tgz",
      "integrity": "sha512-8SFQbg/0hQ9xy3UNTB0YEnsNBbWfhf7RtnzpL7TkBiTBRfrQ9Fxcnz7VJsleJpyp6rVLvXiuORqjlHi5q+PYuA==",
      "dependencies": {
        "streamsearch": "^1.1.0"
      },
      "engines": {
        "node": ">=10.16.0"
      }
    },
    "node_modules/cross-inspect": {
      "version": "1.0.0",
      "resolved": "https://registry.npmjs.org/cross-inspect/-/cross-inspect-1.0.0.tgz",
      "integrity": "sha512-4PFfn4b5ZN6FMNGSZlyb7wUhuN8wvj8t/VQHZdM4JsDcruGJ8L2kf9zao98QIrBPFCpdk27qst/AGTl7pL3ypQ==",
      "dependencies": {
        "tslib": "^2.4.0"
      },
      "engines": {
        "node": ">=16.0.0"
      }
    },
    "node_modules/dataloader": {
      "version": "2.2.2",
      "resolved": "https://registry.npmjs.org/dataloader/-/dataloader-2.2.2.tgz",
      "integrity": "sha512-8YnDaaf7N3k/q5HnTJVuzSyLETjoZjVmHc4AeKAzOvKHEFQKcn64OKBfzHYtE9zGjctNM7V9I0MfnUVLpi7M5g=="
    },
    "node_modules/dependency-graph": {
      "version": "1.0.0",
      "resolved": "https://registry.npmjs.org/dependency-graph/-/dependency-graph-1.0.0.tgz",
      "integrity": "sha512-cW3gggJ28HZ/LExwxP2B++aiKxhJXMSIt9K48FOXQkm+vuG5gyatXnLsONRJdzO/7VfjDIiaOOa/bs4l464Lwg==",
      "engines": {
        "node": ">=4"
      }
    },
    "node_modules/dset": {
      "version": "3.1.3",
      "resolved": "https://registry.npmjs.org/dset/-/dset-3.1.3.tgz",
      "integrity": "sha512-20TuZZHCEZ2O71q9/+8BwKwZ0QtD9D8ObhrihJPr+vLLYlSuAU3/zL4cSlgbfeoGHTjCSJBa7NGcrF9/Bx/WJQ==",
      "engines": {
        "node": ">=4"
      }
    },
    "node_modules/extract-files": {
      "version": "11.0.0",
      "resolved": "https://registry.npmjs.org/extract-files/-/extract-files-11.0.0.tgz",
      "integrity": "sha512-FuoE1qtbJ4bBVvv94CC7s0oTnKUGvQs+Rjf1L2SJFfS+HTVVjhPFtehPdQ0JiGPqVNfSSZvL5yzHHQq2Z4WNhQ==",
      "engines": {
        "node": "^12.20 || >= 14.13"
      },
      "funding": {
        "url": "https://github.com/sponsors/jaydenseric"
      }
    },
    "node_modules/fast-decode-uri-component": {
      "version": "1.0.1",
      "resolved": "https://registry.npmjs.org/fast-decode-uri-component/-/fast-decode-uri-component-1.0.1.tgz",
      "integrity": "sha512-WKgKWg5eUxvRZGwW8FvfbaH7AXSh2cL+3j5fMGzUMCxWBJ3dV3a7Wz8y2f/uQ0e3B6WmodD3oS54jTQ9HVTIIg=="
    },
    "node_modules/fast-querystring": {
      "version": "1.1.2",
      "resolved": "https://registry.npmjs.org/fast-querystring/-/fast-querystring-1.1.2.tgz",
      "integrity": "sha512-g6KuKWmFXc0fID8WWH0jit4g0AGBoJhCkJMb1RmbsSEUNvQ+ZC8D6CUZ+GtF8nMzSPXnhiePyyqqipzNNEnHjg==",
      "dependencies": {
        "fast-decode-uri-component": "^1.0.1"
      }
    },
    "node_modules/fs": {
      "version": "0.0.1-security",
      "resolved": "https://registry.npmjs.org/fs/-/fs-0.0.1-security.tgz",
      "integrity": "sha512-3XY9e1pP0CVEUCdj5BmfIZxRBTSDycnbqhIOGec9QYtmVH2fbLpj86CFWkrNOkt/Fvty4KZG5lTglL9j/gJ87w=="
    },
    "node_modules/graphql": {
      "version": "16.9.0",
      "resolved": "https://registry.npmjs.org/graphql/-/graphql-16.9.0.tgz",
      "integrity": "sha512-GGTKBX4SD7Wdb8mqeDLni2oaRGYQWjWHGKPQ24ZMnUtKfcsVoiv4uX8+LJr1K6U5VW2Lu1BwJnj7uiori0YtRw==",
      "peer": true,
      "engines": {
        "node": "^12.22.0 || ^14.16.0 || ^16.0.0 || >=17.0.0"
      }
    },
    "node_modules/graphql-tag": {
      "version": "2.12.6",
      "resolved": "https://registry.npmjs.org/graphql-tag/-/graphql-tag-2.12.6.tgz",
      "integrity": "sha512-FdSNcu2QQcWnM2VNvSCCDCVS5PpPqpzgFT8+GXzqJuoDd0CBncxCY278u4mhRO7tMgo2JjgJA5aZ+nWSQ/Z+xg==",
      "dependencies": {
        "tslib": "^2.1.0"
      },
      "engines": {
        "node": ">=10"
      },
      "peerDependencies": {
        "graphql": "^0.9.0 || ^0.10.0 || ^0.11.0 || ^0.12.0 || ^0.13.0 || ^14.0.0 || ^15.0.0 || ^16.0.0"
      }
    },
    "node_modules/graphql-ws": {
      "version": "5.16.0",
      "resolved": "https://registry.npmjs.org/graphql-ws/-/graphql-ws-5.16.0.tgz",
      "integrity": "sha512-Ju2RCU2dQMgSKtArPbEtsK5gNLnsQyTNIo/T7cZNp96niC1x0KdJNZV0TIoilceBPQwfb5itrGl8pkFeOUMl4A==",
      "workspaces": [
        "website"
      ],
      "engines": {
        "node": ">=10"
      },
      "peerDependencies": {
        "graphql": ">=0.11 <=16"
      }
    },
    "node_modules/inherits": {
      "version": "2.0.3",
      "resolved": "https://registry.npmjs.org/inherits/-/inherits-2.0.3.tgz",
      "integrity": "sha512-x00IRNXNy63jwGkJmzPigoySHbaqpNuzKbBOmzK+g2OdZpQ9w+sxCN+VSB3ja7IAge2OP2qpfxTjeNcyjmW1uw=="
    },
    "node_modules/isomorphic-ws": {
      "version": "5.0.0",
      "resolved": "https://registry.npmjs.org/isomorphic-ws/-/isomorphic-ws-5.0.0.tgz",
      "integrity": "sha512-muId7Zzn9ywDsyXgTIafTry2sV3nySZeUDe6YedVd1Hvuuep5AsIlqK+XefWpYTyJG5e503F2xIuT2lcU6rCSw==",
      "peerDependencies": {
        "ws": "*"
      }
    },
    "node_modules/meros": {
      "version": "1.3.0",
      "resolved": "https://registry.npmjs.org/meros/-/meros-1.3.0.tgz",
      "integrity": "sha512-2BNGOimxEz5hmjUG2FwoxCt5HN7BXdaWyFqEwxPTrJzVdABtrL4TiHTcsWSFAxPQ/tOnEaQEJh3qWq71QRMY+w==",
      "engines": {
        "node": ">=13"
      },
      "peerDependencies": {
        "@types/node": ">=13"
      },
      "peerDependenciesMeta": {
        "@types/node": {
          "optional": true
        }
      }
    },
    "node_modules/node-fetch": {
      "version": "2.7.0",
      "resolved": "https://registry.npmjs.org/node-fetch/-/node-fetch-2.7.0.tgz",
      "integrity": "sha512-c4FRfUm/dbcWZ7U+1Wq0AwCyFL+3nt2bEw05wfxSz+DWpWsitgmSgYmy2dQdWyKC1694ELPqMs/YzUSNozLt8A==",
      "dependencies": {
        "whatwg-url": "^5.0.0"
      },
      "engines": {
        "node": "4.x || >=6.0.0"
      },
      "peerDependencies": {
        "encoding": "^0.1.0"
      },
      "peerDependenciesMeta": {
        "encoding": {
          "optional": true
        }
      }
    },
    "node_modules/object-inspect": {
      "version": "1.13.1",
      "resolved": "https://registry.npmjs.org/object-inspect/-/object-inspect-1.13.1.tgz",
      "integrity": "sha512-5qoj1RUiKOMsCCNLV1CBiPYE10sziTsnmNxkAI/rZhiD63CF7IqdFGC/XzjWjpSgLf0LxXX3bDFIh0E18f6UhQ==",
      "funding": {
        "url": "https://github.com/sponsors/ljharb"
      }
    },
    "node_modules/p-limit": {
      "version": "3.1.0",
      "resolved": "https://registry.npmjs.org/p-limit/-/p-limit-3.1.0.tgz",
      "integrity": "sha512-TYOanM3wGwNGsZN2cVTYPArw454xnXj5qmWF1bEoAc4+cU/ol7GVh7odevjp1FNHduHc3KZMcFduxU5Xc6uJRQ==",
      "dependencies": {
        "yocto-queue": "^0.1.0"
      },
      "engines": {
        "node": ">=10"
      },
      "funding": {
        "url": "https://github.com/sponsors/sindresorhus"
      }
    },
    "node_modules/path": {
      "version": "0.12.7",
      "resolved": "https://registry.npmjs.org/path/-/path-0.12.7.tgz",
      "integrity": "sha512-aXXC6s+1w7otVF9UletFkFcDsJeO7lSZBPUQhtb5O0xJe8LtYhj/GxldoL09bBj9+ZmE2hNoHqQSFMN5fikh4Q==",
      "dependencies": {
        "process": "^0.11.1",
        "util": "^0.10.3"
      }
    },
    "node_modules/process": {
      "version": "0.11.10",
      "resolved": "https://registry.npmjs.org/process/-/process-0.11.10.tgz",
      "integrity": "sha512-cdGef/drWFoydD1JsMzuFf8100nZl+GT+yacc2bEced5f9Rjk4z+WtFUTBu9PhOi9j/jfmBPu0mMEY4wIdAF8A==",
      "engines": {
        "node": ">= 0.6.0"
      }
    },
    "node_modules/streamsearch": {
      "version": "1.1.0",
      "resolved": "https://registry.npmjs.org/streamsearch/-/streamsearch-1.1.0.tgz",
      "integrity": "sha512-Mcc5wHehp9aXz1ax6bZUyY5afg9u2rv5cqQI3mRrYkGC8rW2hM02jWuwjtL++LS5qinSyhj2QfLyNsuc+VsExg==",
      "engines": {
        "node": ">=10.0.0"
      }
    },
    "node_modules/tr46": {
      "version": "0.0.3",
      "resolved": "https://registry.npmjs.org/tr46/-/tr46-0.0.3.tgz",
      "integrity": "sha512-N3WMsuqV66lT30CrXNbEjx4GEwlow3v6rr4mCcv6prnfwhS01rkgyFdjPNBYd9br7LpXV1+Emh01fHnq2Gdgrw=="
    },
    "node_modules/tslib": {
      "version": "2.6.2",
      "resolved": "https://registry.npmjs.org/tslib/-/tslib-2.6.2.tgz",
      "integrity": "sha512-AEYxH93jGFPn/a2iVAwW87VuUIkR1FVUKB77NwMF7nBTDkDrrT/Hpt/IrCJ0QXhW27jTBDcf5ZY7w6RiqTMw2Q=="
    },
    "node_modules/undici-types": {
      "version": "6.11.1",
      "resolved": "https://registry.npmjs.org/undici-types/-/undici-types-6.11.1.tgz",
      "integrity": "sha512-mIDEX2ek50x0OlRgxryxsenE5XaQD4on5U2inY7RApK3SOJpofyw7uW2AyfMKkhAxXIceo2DeWGVGwyvng1GNQ=="
    },
    "node_modules/urlpattern-polyfill": {
      "version": "10.0.0",
      "resolved": "https://registry.npmjs.org/urlpattern-polyfill/-/urlpattern-polyfill-10.0.0.tgz",
      "integrity": "sha512-H/A06tKD7sS1O1X2SshBVeA5FLycRpjqiBeqGKmBwBDBy28EnRjORxTNe269KSSr5un5qyWi1iL61wLxpd+ZOg=="
    },
    "node_modules/util": {
      "version": "0.10.4",
      "resolved": "https://registry.npmjs.org/util/-/util-0.10.4.tgz",
      "integrity": "sha512-0Pm9hTQ3se5ll1XihRic3FDIku70C+iHUdT/W926rSgHV5QgXsYbKZN8MSC3tJtSkhuROzvsQjAaFENRXr+19A==",
      "dependencies": {
        "inherits": "2.0.3"
      }
    },
    "node_modules/value-or-promise": {
      "version": "1.0.12",
      "resolved": "https://registry.npmjs.org/value-or-promise/-/value-or-promise-1.0.12.tgz",
      "integrity": "sha512-Z6Uz+TYwEqE7ZN50gwn+1LCVo9ZVrpxRPOhOLnncYkY1ZzOYtrX8Fwf/rFktZ8R5mJms6EZf5TqNOMeZmnPq9Q==",
      "engines": {
        "node": ">=12"
      }
    },
    "node_modules/webidl-conversions": {
      "version": "3.0.1",
      "resolved": "https://registry.npmjs.org/webidl-conversions/-/webidl-conversions-3.0.1.tgz",
      "integrity": "sha512-2JAn3z8AR6rjK8Sm8orRC0h/bcl/DqL7tRPdGZ4I1CjdF+EaMLmYxBHyXuKL849eucPFhvBoxMsflfOb8kxaeQ=="
    },
    "node_modules/whatwg-url": {
      "version": "5.0.0",
      "resolved": "https://registry.npmjs.org/whatwg-url/-/whatwg-url-5.0.0.tgz",
      "integrity": "sha512-saE57nupxk6v3HY35+jzBwYa0rKSy0XR8JSxZPwgLr7ys0IBzhGviA1/TUGJLmSVqs8pb9AnvICXEuOHLprYTw==",
      "dependencies": {
        "tr46": "~0.0.3",
        "webidl-conversions": "^3.0.0"
      }
    },
    "node_modules/ws": {
      "version": "8.18.0",
      "resolved": "https://registry.npmjs.org/ws/-/ws-8.18.0.tgz",
      "integrity": "sha512-8VbfWfHLbbwu3+N6OKsOMpBdT4kXPDDB9cJk2bJ6mh9ucxdlnNvH1e+roYkKmN9Nxw2yjz7VzeO9oOz2zJ04Pw==",
      "engines": {
        "node": ">=10.0.0"
      },
      "peerDependencies": {
        "bufferutil": "^4.0.1",
        "utf-8-validate": ">=5.0.2"
      },
      "peerDependenciesMeta": {
        "bufferutil": {
          "optional": true
        },
        "utf-8-validate": {
          "optional": true
        }
      }
    },
    "node_modules/yocto-queue": {
      "version": "0.1.0",
      "resolved": "https://registry.npmjs.org/yocto-queue/-/yocto-queue-0.1.0.tgz",
      "integrity": "sha512-rVksvsnNCdJ/ohGc6xgPwyN8eheCxsiLM8mxuE/t/mOVqJewPuO1miLpTHQiRgTKCLexL4MeAFVagts7HmNZ2Q==",
      "engines": {
        "node": ">=10"
      },
      "funding": {
        "url": "https://github.com/sponsors/sindresorhus"
      }
    }
  }
}
